
Microsoft Visual Studio Solution File, Format Version 11.00
# Visual Studio 2010
Project("{FAE04EC0-301F-11D3-BF4B-00C04F79EFBC}") = "practical_4", "Agecalculator\practical_4.csproj", "{0819D5DD-C1C4-4328-92C7-72702E97E2EE}"
EndProject
Global
	GlobalSection(SolutionConfigurationPlatforms) = preSolution
		Debug|Any CPU = Debug|Any CPU
		Release|Any CPU = Release|Any CPU
	EndGlobalSection
	GlobalSection(ProjectConfigurationPlatforms) = postSolution
		{0819D5DD-C1C4-4328-92C7-72702E97E2EE}.Debug|Any CPU.ActiveCfg = Debug|Any CPU
		{0819D5DD-C1C4-4328-92C7-72702E97E2EE}.Debug|Any CPU.Build.0 = Debug|Any CPU
		{0819D5DD-C1C4-4328-92C7-72702E97E2EE}.Release|Any CPU.ActiveCfg = Release|Any CPU
		{0819D5DD-C1C4-4328-92C7-72702E97E2EE}.Release|Any CPU.Build.0 = Release|Any CPU
	EndGlobalSection
	GlobalSection(SolutionProperties) = preSolution
		HideSolutionNode = FALSE
	EndGlobalSection
EndGlobal
